{
    "_readme": [
        "This file locks the dependencies of your project to a known state",
        "Read more about it at http://getcomposer.org/doc/01-basic-usage.md#composer-lock-the-lock-file",
        "This file is @generated automatically"
    ],
    "hash": "ec261c798611b97ca9b8a1c1748e04bc",
    "packages": [
        {
            "name": "danielstjules/stringy",
            "version": "dev-master",
            "source": {
                "type": "git",
                "url": "https://github.com/danielstjules/Stringy.git",
                "reference": "350d1e6f8e0493739fe9aeb884a12bdb18f629ff"
            },
            "dist": {
                "type": "zip",
                "url": "https://api.github.com/repos/danielstjules/Stringy/zipball/350d1e6f8e0493739fe9aeb884a12bdb18f629ff",
                "reference": "350d1e6f8e0493739fe9aeb884a12bdb18f629ff",
                "shasum": ""
            },
            "require": {
                "php": ">=5.3.0"
            },
            "require-dev": {
                "phpunit/phpunit": "~4.0"
            },
            "type": "library",
            "autoload": {
                "psr-4": {
                    "Stringy\\": "src/"
                }
            },
            "notification-url": "https://packagist.org/downloads/",
            "license": [
                "MIT"
            ],
            "authors": [
                {
                    "name": "Daniel St. Jules",
                    "email": "danielst.jules@gmail.com",
                    "homepage": "http://www.danielstjules.com"
                }
            ],
            "description": "A string manipulation library with multibyte support",
            "homepage": "https://github.com/danielstjules/Stringy",
            "keywords": [
                "UTF",
                "helpers",
                "manipulation",
                "methods",
                "multibyte",
                "string",
                "utf-8",
                "utility",
                "utils"
            ],
            "time": "2014-10-26 14:47:54"
        },
        {
            "name": "league/plates",
            "version": "3.1.0",
            "source": {
                "type": "git",
                "url": "https://github.com/thephpleague/plates.git",
                "reference": "c39d8fbcbeb07a0948d5e1cf8d78c6e1ef3e81a8"
            },
            "dist": {
                "type": "zip",
                "url": "https://api.github.com/repos/thephpleague/plates/zipball/c39d8fbcbeb07a0948d5e1cf8d78c6e1ef3e81a8",
                "reference": "c39d8fbcbeb07a0948d5e1cf8d78c6e1ef3e81a8",
                "shasum": ""
            },
            "require-dev": {
                "mikey179/vfsstream": "~1.4.0",
                "phpunit/phpunit": "~4.0",
                "squizlabs/php_codesniffer": "~1.5"
            },
            "type": "library",
            "extra": {
                "branch-alias": {
                    "dev-master": "3.0-dev"
                }
            },
            "autoload": {
                "psr-4": {
                    "League\\Plates\\": "src"
                }
            },
            "notification-url": "https://packagist.org/downloads/",
            "license": [
                "MIT"
            ],
            "authors": [
                {
                    "name": "Jonathan Reinink",
                    "email": "jonathan@reinink.ca",
                    "role": "Developer"
                }
            ],
            "description": "Plates, the native PHP template system that's fast, easy to use and easy to extend.",
            "homepage": "http://platesphp.com",
            "keywords": [
                "league",
                "package",
                "templates",
                "templating",
                "views"
            ],
            "time": "2014-10-21 12:06:12"
        },
        {
            "name": "psr/log",
            "version": "dev-master",
            "source": {
                "type": "git",
                "url": "https://github.com/php-fig/log.git",
                "reference": "a78d6504ff5d4367497785ab2ade91db3a9fbe11"
            },
            "dist": {
                "type": "zip",
                "url": "https://api.github.com/repos/php-fig/log/zipball/a78d6504ff5d4367497785ab2ade91db3a9fbe11",
                "reference": "a78d6504ff5d4367497785ab2ade91db3a9fbe11",
                "shasum": ""
            },
            "type": "library",
            "extra": {
                "branch-alias": {
                    "dev-master": "1.0.x-dev"
                }
            },
            "autoload": {
                "psr-0": {
                    "Psr\\Log\\": ""
                }
            },
            "notification-url": "https://packagist.org/downloads/",
            "license": [
                "MIT"
            ],
            "authors": [
                {
                    "name": "PHP-FIG",
                    "homepage": "http://www.php-fig.org/"
                }
            ],
            "description": "Common interface for logging libraries",
            "keywords": [
                "log",
                "psr",
                "psr-3"
            ],
            "time": "2014-01-18 15:33:09"
        },
        {
            "name": "sqrt-pro/db",
            "version": "dev-master",
            "source": {
                "type": "git",
                "url": "https://github.com/sqrt-pro/DB.git",
                "reference": "33ab8bdd7da242648d64524641c5cb67ea49bb9c"
            },
            "dist": {
                "type": "zip",
                "url": "https://api.github.com/repos/sqrt-pro/DB/zipball/33ab8bdd7da242648d64524641c5cb67ea49bb9c",
                "reference": "33ab8bdd7da242648d64524641c5cb67ea49bb9c",
                "shasum": ""
            },
            "require": {
                "danielstjules/stringy": "dev-master",
                "php": ">=5.3.0",
                "sqrt-pro/exception": "dev-master",
                "sqrt-pro/query-builder": "dev-master"
            },
            "type": "library",
            "autoload": {
                "psr-0": {
                    "SQRT": "src"
                }
            },
            "notification-url": "https://packagist.org/downloads/",
            "license": [
                "MIT"
            ],
            "description": "SQRT.pro DB is part of SQRT Framework",
            "homepage": "http://fw.sqrt.pro",
            "time": "2014-12-01 04:11:41"
        },
        {
            "name": "sqrt-pro/exception",
            "version": "dev-master",
            "source": {
                "type": "git",
                "url": "https://github.com/sqrt-pro/Exception.git",
                "reference": "4e5ce05350b24df3605c2654606a253511f6a612"
            },
            "dist": {
                "type": "zip",
                "url": "https://api.github.com/repos/sqrt-pro/Exception/zipball/4e5ce05350b24df3605c2654606a253511f6a612",
                "reference": "4e5ce05350b24df3605c2654606a253511f6a612",
                "shasum": ""
            },
            "require": {
                "php": ">=5.3.0"
            },
            "type": "library",
            "autoload": {
                "psr-0": {
                    "SQRT": "src"
                }
            },
            "notification-url": "https://packagist.org/downloads/",
            "license": [
                "MIT"
            ],
            "description": "Basic Exception class is a part of SQRT Framework",
            "homepage": "http://fw.sqrt.pro",
            "time": "2014-09-16 09:35:10"
        },
        {
            "name": "sqrt-pro/form",
            "version": "dev-master",
            "source": {
                "type": "git",
                "url": "https://github.com/sqrt-pro/Form.git",
                "reference": "f38d4e1e1fddafd7f31103b03b7b2982a8040f84"
            },
            "dist": {
                "type": "zip",
                "url": "https://api.github.com/repos/sqrt-pro/Form/zipball/f38d4e1e1fddafd7f31103b03b7b2982a8040f84",
                "reference": "f38d4e1e1fddafd7f31103b03b7b2982a8040f84",
                "shasum": ""
            },
            "require": {
                "php": ">=5.3.0",
                "sqrt-pro/helpers": "dev-master",
                "sqrt-pro/tag": "dev-master",
                "symfony/http-kernel": "2.*"
            },
            "type": "library",
            "autoload": {
                "psr-0": {
                    "SQRT": "src"
                }
            },
            "notification-url": "https://packagist.org/downloads/",
            "license": [
                "MIT"
            ],
            "description": "Form is part of SQRT Framework",
            "homepage": "http://fw.sqrt.pro",
            "time": "2014-12-16 13:11:03"
        },
        {
            "name": "sqrt-pro/helpers",
            "version": "dev-master",
            "source": {
                "type": "git",
                "url": "https://github.com/sqrt-pro/Helpers.git",
                "reference": "b99114ba5a71fe30c15aacffd3f5c75dfb18501f"
            },
            "dist": {
                "type": "zip",
                "url": "https://api.github.com/repos/sqrt-pro/Helpers/zipball/b99114ba5a71fe30c15aacffd3f5c75dfb18501f",
                "reference": "b99114ba5a71fe30c15aacffd3f5c75dfb18501f",
                "shasum": ""
            },
            "require": {
                "php": ">=5.3.0"
            },
            "type": "library",
            "autoload": {
                "psr-0": {
                    "SQRT": "src"
                }
            },
            "notification-url": "https://packagist.org/downloads/",
            "license": [
                "MIT"
            ],
            "description": "Helpers is part of SQRT Framework",
            "homepage": "http://fw.sqrt.pro",
            "time": "2014-12-02 05:42:55"
        },
        {
            "name": "sqrt-pro/kernel",
            "version": "dev-master",
            "source": {
                "type": "git",
                "url": "https://github.com/sqrt-pro/Kernel.git",
                "reference": "553b2e151a8f7f4b9576a60a003c9f1c29bee263"
            },
            "dist": {
                "type": "zip",
                "url": "https://api.github.com/repos/sqrt-pro/Kernel/zipball/553b2e151a8f7f4b9576a60a003c9f1c29bee263",
                "reference": "553b2e151a8f7f4b9576a60a003c9f1c29bee263",
                "shasum": ""
            },
            "require": {
                "league/plates": "~3.0@dev",
                "php": ">=5.3.0",
                "sqrt-pro/url": "dev-master",
                "symfony/http-kernel": "2.*"
            },
            "type": "library",
            "autoload": {
                "psr-0": {
                    "SQRT": "src"
                }
            },
            "notification-url": "https://packagist.org/downloads/",
            "license": [
                "MIT"
            ],
            "description": "Kernel is part of SQRT Framework",
            "homepage": "http://fw.sqrt.pro",
            "time": "2014-12-17 14:53:38"
        },
        {
            "name": "sqrt-pro/query-builder",
            "version": "dev-master",
            "source": {
                "type": "git",
                "url": "https://github.com/sqrt-pro/QueryBuilder.git",
                "reference": "4da3f9c40f7321f1c34e479788520dde7be81f0e"
            },
            "dist": {
                "type": "zip",
                "url": "https://api.github.com/repos/sqrt-pro/QueryBuilder/zipball/4da3f9c40f7321f1c34e479788520dde7be81f0e",
                "reference": "4da3f9c40f7321f1c34e479788520dde7be81f0e",
                "shasum": ""
            },
            "require": {
                "php": ">=5.3.0"
            },
            "type": "library",
            "autoload": {
                "psr-0": {
                    "SQRT": "src"
                }
            },
            "notification-url": "https://packagist.org/downloads/",
            "license": [
                "MIT"
            ],
            "description": "SQL Query Builder is a part of SQRT Framework",
            "homepage": "http://fw.sqrt.pro",
            "time": "2014-10-11 09:30:29"
        },
        {
            "name": "sqrt-pro/tag",
            "version": "dev-master",
            "source": {
                "type": "git",
                "url": "https://github.com/sqrt-pro/Tag.git",
                "reference": "b21168bdb83bf8f4b9303a1f4c0c068bff6f2910"
            },
            "dist": {
                "type": "zip",
                "url": "https://api.github.com/repos/sqrt-pro/Tag/zipball/b21168bdb83bf8f4b9303a1f4c0c068bff6f2910",
                "reference": "b21168bdb83bf8f4b9303a1f4c0c068bff6f2910",
                "shasum": ""
            },
            "require": {
                "php": ">=5.3.0"
            },
            "type": "library",
            "autoload": {
                "psr-0": {
                    "SQRT": "src"
                }
            },
            "notification-url": "https://packagist.org/downloads/",
            "license": [
                "MIT"
            ],
            "description": "SQRT.pro Tag is part of SQRT Framework",
            "homepage": "http://fw.sqrt.pro",
            "time": "2014-12-07 15:23:05"
        },
        {
            "name": "sqrt-pro/url",
            "version": "dev-master",
            "source": {
                "type": "git",
                "url": "https://github.com/sqrt-pro/URL.git",
                "reference": "de1de159379e149fa7e7177724343d971b90f213"
            },
            "dist": {
                "type": "zip",
                "url": "https://api.github.com/repos/sqrt-pro/URL/zipball/de1de159379e149fa7e7177724343d971b90f213",
                "reference": "de1de159379e149fa7e7177724343d971b90f213",
                "shasum": ""
            },
            "require": {
                "php": ">=5.3.0",
                "sqrt-pro/helpers": "dev-master",
                "sqrt-pro/tag": "dev-master",
                "true/punycode": "~1.0"
            },
            "type": "library",
            "autoload": {
                "psr-0": {
                    "SQRT": "src"
                }
            },
            "notification-url": "https://packagist.org/downloads/",
            "license": [
                "MIT"
            ],
            "description": "SQRT.pro URL is part of SQRT Framework",
            "homepage": "http://fw.sqrt.pro",
            "time": "2014-12-02 03:43:48"
        },
        {
            "name": "symfony/console",
            "version": "dev-master",
            "target-dir": "Symfony/Component/Console",
            "source": {
                "type": "git",
                "url": "https://github.com/symfony/Console.git",
                "reference": "6960be483ad86c7fd31de8f569d479379051a734"
            },
            "dist": {
                "type": "zip",
                "url": "https://api.github.com/repos/symfony/Console/zipball/6960be483ad86c7fd31de8f569d479379051a734",
                "reference": "6960be483ad86c7fd31de8f569d479379051a734",
                "shasum": ""
            },
            "require": {
                "php": ">=5.3.3"
            },
            "require-dev": {
                "psr/log": "~1.0",
                "symfony/event-dispatcher": "~2.1",
                "symfony/process": "~2.1"
            },
            "suggest": {
                "psr/log": "For using the console logger",
                "symfony/event-dispatcher": "",
                "symfony/process": ""
            },
            "type": "library",
            "extra": {
                "branch-alias": {
                    "dev-master": "3.0-dev"
                }
            },
            "autoload": {
                "psr-0": {
                    "Symfony\\Component\\Console\\": ""
                }
            },
            "notification-url": "https://packagist.org/downloads/",
            "license": [
                "MIT"
            ],
            "authors": [
                {
                    "name": "Symfony Community",
                    "homepage": "http://symfony.com/contributors"
                },
                {
                    "name": "Fabien Potencier",
                    "email": "fabien@symfony.com"
                }
            ],
            "description": "Symfony Console Component",
            "homepage": "http://symfony.com",
            "time": "2014-12-12 16:24:25"
        },
        {
            "name": "symfony/debug",
            "version": "2.7.x-dev",
            "target-dir": "Symfony/Component/Debug",
            "source": {
                "type": "git",
                "url": "https://github.com/symfony/Debug.git",
                "reference": "77d85b05ddc158884ac7395aeb6ca886a27b19b2"
            },
            "dist": {
                "type": "zip",
                "url": "https://api.github.com/repos/symfony/Debug/zipball/77d85b05ddc158884ac7395aeb6ca886a27b19b2",
                "reference": "77d85b05ddc158884ac7395aeb6ca886a27b19b2",
                "shasum": ""
            },
            "require": {
                "php": ">=5.3.3",
                "psr/log": "~1.0"
            },
            "require-dev": {
                "symfony/http-foundation": "~2.1",
                "symfony/http-kernel": "~2.2"
            },
            "suggest": {
                "symfony/http-foundation": "",
                "symfony/http-kernel": ""
            },
            "type": "library",
            "extra": {
                "branch-alias": {
                    "dev-master": "2.7-dev"
                }
            },
            "autoload": {
                "psr-0": {
                    "Symfony\\Component\\Debug\\": ""
                }
            },
            "notification-url": "https://packagist.org/downloads/",
            "license": [
                "MIT"
            ],
            "authors": [
                {
                    "name": "Symfony Community",
                    "homepage": "http://symfony.com/contributors"
                },
                {
                    "name": "Fabien Potencier",
                    "email": "fabien@symfony.com"
                }
            ],
            "description": "Symfony Debug Component",
            "homepage": "http://symfony.com",
            "time": "2014-12-16 20:28:45"
        },
        {
            "name": "symfony/event-dispatcher",
            "version": "2.7.x-dev",
            "target-dir": "Symfony/Component/EventDispatcher",
            "source": {
                "type": "git",
                "url": "https://github.com/symfony/EventDispatcher.git",
                "reference": "24f2c9ea9353cbb25dc40786272f0b4f42ba3d3c"
            },
            "dist": {
                "type": "zip",
                "url": "https://api.github.com/repos/symfony/EventDispatcher/zipball/24f2c9ea9353cbb25dc40786272f0b4f42ba3d3c",
                "reference": "24f2c9ea9353cbb25dc40786272f0b4f42ba3d3c",
                "shasum": ""
            },
            "require": {
                "php": ">=5.3.3"
            },
            "require-dev": {
                "psr/log": "~1.0",
                "symfony/config": "~2.0,>=2.0.5",
                "symfony/dependency-injection": "~2.6",
                "symfony/expression-language": "~2.6",
                "symfony/stopwatch": "~2.3"
            },
            "suggest": {
                "symfony/dependency-injection": "",
                "symfony/http-kernel": ""
            },
            "type": "library",
            "extra": {
                "branch-alias": {
                    "dev-master": "2.7-dev"
                }
            },
            "autoload": {
                "psr-0": {
                    "Symfony\\Component\\EventDispatcher\\": ""
                }
            },
            "notification-url": "https://packagist.org/downloads/",
            "license": [
                "MIT"
            ],
            "authors": [
                {
                    "name": "Symfony Community",
                    "homepage": "http://symfony.com/contributors"
                },
                {
                    "name": "Fabien Potencier",
                    "email": "fabien@symfony.com"
                }
            ],
            "description": "Symfony EventDispatcher Component",
            "homepage": "http://symfony.com",
            "time": "2014-12-16 20:28:45"
        },
        {
            "name": "symfony/http-foundation",
            "version": "2.7.x-dev",
            "target-dir": "Symfony/Component/HttpFoundation",
            "source": {
                "type": "git",
                "url": "https://github.com/symfony/HttpFoundation.git",
                "reference": "af0647ebde5bc78b20581b50367c93b3472518ca"
            },
            "dist": {
                "type": "zip",
                "url": "https://api.github.com/repos/symfony/HttpFoundation/zipball/af0647ebde5bc78b20581b50367c93b3472518ca",
                "reference": "af0647ebde5bc78b20581b50367c93b3472518ca",
                "shasum": ""
            },
            "require": {
                "php": ">=5.3.3"
            },
            "require-dev": {
                "symfony/expression-language": "~2.4"
            },
            "type": "library",
            "extra": {
                "branch-alias": {
                    "dev-master": "2.7-dev"
                }
            },
            "autoload": {
                "psr-0": {
                    "Symfony\\Component\\HttpFoundation\\": ""
                },
                "classmap": [
                    "Symfony/Component/HttpFoundation/Resources/stubs"
                ]
            },
            "notification-url": "https://packagist.org/downloads/",
            "license": [
                "MIT"
            ],
            "authors": [
                {
                    "name": "Symfony Community",
                    "homepage": "http://symfony.com/contributors"
                },
                {
                    "name": "Fabien Potencier",
                    "email": "fabien@symfony.com"
                }
            ],
            "description": "Symfony HttpFoundation Component",
            "homepage": "http://symfony.com",
            "time": "2014-12-13 08:38:56"
        },
        {
            "name": "symfony/http-kernel",
            "version": "2.7.x-dev",
            "target-dir": "Symfony/Component/HttpKernel",
            "source": {
                "type": "git",
                "url": "https://github.com/symfony/HttpKernel.git",
                "reference": "89bf1015922d2384c7bdc4faa73263153514ef32"
            },
            "dist": {
                "type": "zip",
                "url": "https://api.github.com/repos/symfony/HttpKernel/zipball/89bf1015922d2384c7bdc4faa73263153514ef32",
                "reference": "89bf1015922d2384c7bdc4faa73263153514ef32",
                "shasum": ""
            },
            "require": {
                "php": ">=5.3.3",
                "psr/log": "~1.0",
                "symfony/debug": "~2.6",
                "symfony/event-dispatcher": "2.5.*,>2.5.8|~2.6,>2.6.1",
                "symfony/http-foundation": "~2.5,>=2.5.4"
            },
            "require-dev": {
                "symfony/browser-kit": "~2.3",
                "symfony/class-loader": "~2.1",
                "symfony/config": "~2.0,>=2.0.5",
                "symfony/console": "~2.3",
                "symfony/css-selector": "~2.0,>=2.0.5",
                "symfony/dependency-injection": "~2.2",
                "symfony/dom-crawler": "~2.0,>=2.0.5",
                "symfony/expression-language": "~2.4",
                "symfony/finder": "~2.0,>=2.0.5",
                "symfony/process": "~2.0,>=2.0.5",
                "symfony/routing": "~2.2",
                "symfony/stopwatch": "~2.3",
                "symfony/templating": "~2.2",
                "symfony/translation": "~2.0,>=2.0.5",
                "symfony/var-dumper": "~2.6"
            },
            "suggest": {
                "symfony/browser-kit": "",
                "symfony/class-loader": "",
                "symfony/config": "",
                "symfony/console": "",
                "symfony/dependency-injection": "",
                "symfony/finder": "",
                "symfony/var-dumper": ""
            },
            "type": "library",
            "extra": {
                "branch-alias": {
                    "dev-master": "2.7-dev"
                }
            },
            "autoload": {
                "psr-0": {
                    "Symfony\\Component\\HttpKernel\\": ""
                }
            },
            "notification-url": "https://packagist.org/downloads/",
            "license": [
                "MIT"
            ],
            "authors": [
                {
                    "name": "Symfony Community",
                    "homepage": "http://symfony.com/contributors"
                },
                {
                    "name": "Fabien Potencier",
                    "email": "fabien@symfony.com"
                }
            ],
            "description": "Symfony HttpKernel Component",
            "homepage": "http://symfony.com",
            "time": "2014-12-16 20:28:45"
        },
        {
            "name": "true/punycode",
            "version": "1.0.1",
            "source": {
                "type": "git",
                "url": "https://github.com/true/php-punycode.git",
                "reference": "59dca474914324763397be2ea3d6ad3bc48f4688"
            },
            "dist": {
                "type": "zip",
                "url": "https://api.github.com/repos/true/php-punycode/zipball/59dca474914324763397be2ea3d6ad3bc48f4688",
                "reference": "59dca474914324763397be2ea3d6ad3bc48f4688",
                "shasum": ""
            },
            "require": {
                "ext-mbstring": "*",
                "php": ">=5.3.0"
            },
            "require-dev": {
                "phpunit/phpunit": "4.x",
                "satooshi/php-coveralls": "dev-master",
                "squizlabs/php_codesniffer": "2.0.x-dev"
            },
            "type": "library",
            "autoload": {
                "psr-4": {
                    "True\\": "src/"
                }
            },
            "notification-url": "https://packagist.org/downloads/",
            "license": [
                "MIT"
            ],
            "authors": [
                {
                    "name": "Renan Gonçalves",
                    "email": "renan.saddam@gmail.com"
                }
            ],
            "description": "A Bootstring encoding of Unicode for Internationalized Domain Names in Applications (IDNA)",
            "homepage": "https://github.com/true/php-punycode",
            "keywords": [
                "idna",
                "punycode"
            ],
            "time": "2014-08-26 14:21:01"
        }
    ],
    "packages-dev": [],
    "aliases": [],
    "minimum-stability": "dev",
    "stability-flags": {
        "sqrt-pro/kernel": 20,
        "sqrt-pro/db": 20,
        "sqrt-pro/form": 20,
        "symfony/console": 20
    },
    "prefer-stable": false,
    "platform": {
        "php": ">=5.3.0"
    },
    "platform-dev": []
}
