{
    "_readme": [
        "This file locks the dependencies of your project to a known state",
        "Read more about it at http://getcomposer.org/doc/01-basic-usage.md#composer-lock-the-lock-file",
        "This file is @generated automatically"
    ],
    "hash": "e69e64ff3e5f5752b76a075301cd5b7b",
    "packages": [
        {
            "name": "danielstjules/stringy",
            "version": "dev-master",
            "source": {
                "type": "git",
                "url": "https://github.com/danielstjules/Stringy.git",
                "reference": "350d1e6f8e0493739fe9aeb884a12bdb18f629ff"
            },
            "dist": {
                "type": "zip",
                "url": "https://api.github.com/repos/danielstjules/Stringy/zipball/350d1e6f8e0493739fe9aeb884a12bdb18f629ff",
                "reference": "350d1e6f8e0493739fe9aeb884a12bdb18f629ff",
                "shasum": ""
            },
            "require": {
                "php": ">=5.3.0"
            },
            "require-dev": {
                "phpunit/phpunit": "~4.0"
            },
            "type": "library",
            "autoload": {
                "psr-4": {
                    "Stringy\\": "src/"
                }
            },
            "notification-url": "https://packagist.org/downloads/",
            "license": [
                "MIT"
            ],
            "authors": [
                {
                    "name": "Daniel St. Jules",
                    "email": "danielst.jules@gmail.com",
                    "homepage": "http://www.danielstjules.com"
                }
            ],
            "description": "A string manipulation library with multibyte support",
            "homepage": "https://github.com/danielstjules/Stringy",
            "keywords": [
                "UTF",
                "helpers",
                "manipulation",
                "methods",
                "multibyte",
                "string",
                "utf-8",
                "utility",
                "utils"
            ],
            "time": "2014-10-26 14:47:54"
        },
        {
            "name": "league/plates",
            "version": "3.1.0",
            "source": {
                "type": "git",
                "url": "https://github.com/thephpleague/plates.git",
                "reference": "c39d8fbcbeb07a0948d5e1cf8d78c6e1ef3e81a8"
            },
            "dist": {
                "type": "zip",
                "url": "https://api.github.com/repos/thephpleague/plates/zipball/c39d8fbcbeb07a0948d5e1cf8d78c6e1ef3e81a8",
                "reference": "c39d8fbcbeb07a0948d5e1cf8d78c6e1ef3e81a8",
                "shasum": ""
            },
            "require-dev": {
                "mikey179/vfsstream": "~1.4.0",
                "phpunit/phpunit": "~4.0",
                "squizlabs/php_codesniffer": "~1.5"
            },
            "type": "library",
            "extra": {
                "branch-alias": {
                    "dev-master": "3.0-dev"
                }
            },
            "autoload": {
                "psr-4": {
                    "League\\Plates\\": "src"
                }
            },
            "notification-url": "https://packagist.org/downloads/",
            "license": [
                "MIT"
            ],
            "authors": [
                {
                    "name": "Jonathan Reinink",
                    "email": "jonathan@reinink.ca",
                    "role": "Developer"
                }
            ],
            "description": "Plates, the native PHP template system that's fast, easy to use and easy to extend.",
            "homepage": "http://platesphp.com",
            "keywords": [
                "league",
                "package",
                "templates",
                "templating",
                "views"
            ],
            "time": "2014-10-21 12:06:12"
        },
        {
            "name": "psr/log",
            "version": "dev-master",
            "source": {
                "type": "git",
                "url": "https://github.com/php-fig/log.git",
                "reference": "a78d6504ff5d4367497785ab2ade91db3a9fbe11"
            },
            "dist": {
                "type": "zip",
                "url": "https://api.github.com/repos/php-fig/log/zipball/a78d6504ff5d4367497785ab2ade91db3a9fbe11",
                "reference": "a78d6504ff5d4367497785ab2ade91db3a9fbe11",
                "shasum": ""
            },
            "type": "library",
            "extra": {
                "branch-alias": {
                    "dev-master": "1.0.x-dev"
                }
            },
            "autoload": {
                "psr-0": {
                    "Psr\\Log\\": ""
                }
            },
            "notification-url": "https://packagist.org/downloads/",
            "license": [
                "MIT"
            ],
            "authors": [
                {
                    "name": "PHP-FIG",
                    "homepage": "http://www.php-fig.org/"
                }
            ],
            "description": "Common interface for logging libraries",
            "keywords": [
                "log",
                "psr",
                "psr-3"
            ],
            "time": "2014-01-18 15:33:09"
        },
        {
            "name": "robmorgan/phinx",
            "version": "v0.3.8",
            "source": {
                "type": "git",
                "url": "https://github.com/robmorgan/phinx.git",
                "reference": "589319c8bd7f819580bbab11a8987fb38853bfe7"
            },
            "dist": {
                "type": "zip",
                "url": "https://api.github.com/repos/robmorgan/phinx/zipball/589319c8bd7f819580bbab11a8987fb38853bfe7",
                "reference": "589319c8bd7f819580bbab11a8987fb38853bfe7",
                "shasum": ""
            },
            "require": {
                "php": ">=5.3.2",
                "symfony/class-loader": "2.*",
                "symfony/config": "2.*",
                "symfony/console": "2.*",
                "symfony/yaml": "2.*"
            },
            "require-dev": {
                "phpunit/phpunit": "3.7.*",
                "squizlabs/php_codesniffer": "dev-phpcs-fixer"
            },
            "bin": [
                "bin/phinx"
            ],
            "type": "library",
            "autoload": {
                "psr-0": {
                    "Phinx": "src/"
                }
            },
            "notification-url": "https://packagist.org/downloads/",
            "license": [
                "MIT"
            ],
            "authors": [
                {
                    "name": "Rob Morgan",
                    "email": "robbym@gmail.com",
                    "homepage": "http://robmorgan.id.au",
                    "role": "Lead Developer"
                }
            ],
            "description": "Phinx makes it ridiculously easy to manage the database migrations for your PHP app.",
            "homepage": "http://phinx.org",
            "keywords": [
                "database",
                "database migrations",
                "db",
                "migrations",
                "phinx"
            ],
            "time": "2014-10-06 09:27:17"
        },
        {
            "name": "sqrt-pro/db",
            "version": "dev-master",
            "source": {
                "type": "git",
                "url": "https://github.com/sqrt-pro/DB.git",
                "reference": "8b788fcd09b2e84021f581f4019da7087d99fe7f"
            },
            "dist": {
                "type": "zip",
                "url": "https://api.github.com/repos/sqrt-pro/DB/zipball/8b788fcd09b2e84021f581f4019da7087d99fe7f",
                "reference": "8b788fcd09b2e84021f581f4019da7087d99fe7f",
                "shasum": ""
            },
            "require": {
                "danielstjules/stringy": "dev-master",
                "php": ">=5.3.0",
                "robmorgan/phinx": "*",
                "sqrt-pro/exception": "dev-master",
                "sqrt-pro/helpers": "dev-master",
                "sqrt-pro/query-builder": "dev-master"
            },
            "type": "library",
            "autoload": {
                "psr-0": {
                    "SQRT": "src"
                }
            },
            "notification-url": "https://packagist.org/downloads/",
            "license": [
                "MIT"
            ],
            "description": "SQRT.pro DB is part of SQRT Framework",
            "homepage": "http://fw.sqrt.pro",
            "time": "2014-12-22 10:00:33"
        },
        {
            "name": "sqrt-pro/exception",
            "version": "dev-master",
            "source": {
                "type": "git",
                "url": "https://github.com/sqrt-pro/Exception.git",
                "reference": "4e5ce05350b24df3605c2654606a253511f6a612"
            },
            "dist": {
                "type": "zip",
                "url": "https://api.github.com/repos/sqrt-pro/Exception/zipball/4e5ce05350b24df3605c2654606a253511f6a612",
                "reference": "4e5ce05350b24df3605c2654606a253511f6a612",
                "shasum": ""
            },
            "require": {
                "php": ">=5.3.0"
            },
            "type": "library",
            "autoload": {
                "psr-0": {
                    "SQRT": "src"
                }
            },
            "notification-url": "https://packagist.org/downloads/",
            "license": [
                "MIT"
            ],
            "description": "Basic Exception class is a part of SQRT Framework",
            "homepage": "http://fw.sqrt.pro",
            "time": "2014-09-16 09:35:10"
        },
        {
            "name": "sqrt-pro/form",
            "version": "dev-master",
            "source": {
                "type": "git",
                "url": "https://github.com/sqrt-pro/Form.git",
                "reference": "f38d4e1e1fddafd7f31103b03b7b2982a8040f84"
            },
            "dist": {
                "type": "zip",
                "url": "https://api.github.com/repos/sqrt-pro/Form/zipball/f38d4e1e1fddafd7f31103b03b7b2982a8040f84",
                "reference": "f38d4e1e1fddafd7f31103b03b7b2982a8040f84",
                "shasum": ""
            },
            "require": {
                "php": ">=5.3.0",
                "sqrt-pro/helpers": "dev-master",
                "sqrt-pro/tag": "dev-master",
                "symfony/http-kernel": "2.*"
            },
            "type": "library",
            "autoload": {
                "psr-0": {
                    "SQRT": "src"
                }
            },
            "notification-url": "https://packagist.org/downloads/",
            "license": [
                "MIT"
            ],
            "description": "Form is part of SQRT Framework",
            "homepage": "http://fw.sqrt.pro",
            "time": "2014-12-16 13:11:03"
        },
        {
            "name": "sqrt-pro/helpers",
            "version": "dev-master",
            "source": {
                "type": "git",
                "url": "https://github.com/sqrt-pro/Helpers.git",
                "reference": "b99114ba5a71fe30c15aacffd3f5c75dfb18501f"
            },
            "dist": {
                "type": "zip",
                "url": "https://api.github.com/repos/sqrt-pro/Helpers/zipball/b99114ba5a71fe30c15aacffd3f5c75dfb18501f",
                "reference": "b99114ba5a71fe30c15aacffd3f5c75dfb18501f",
                "shasum": ""
            },
            "require": {
                "php": ">=5.3.0"
            },
            "type": "library",
            "autoload": {
                "psr-0": {
                    "SQRT": "src"
                }
            },
            "notification-url": "https://packagist.org/downloads/",
            "license": [
                "MIT"
            ],
            "description": "Helpers is part of SQRT Framework",
            "homepage": "http://fw.sqrt.pro",
            "time": "2014-12-02 05:42:55"
        },
        {
            "name": "sqrt-pro/kernel",
            "version": "dev-master",
            "source": {
                "type": "git",
                "url": "https://github.com/sqrt-pro/Kernel.git",
                "reference": "553b2e151a8f7f4b9576a60a003c9f1c29bee263"
            },
            "dist": {
                "type": "zip",
                "url": "https://api.github.com/repos/sqrt-pro/Kernel/zipball/553b2e151a8f7f4b9576a60a003c9f1c29bee263",
                "reference": "553b2e151a8f7f4b9576a60a003c9f1c29bee263",
                "shasum": ""
            },
            "require": {
                "league/plates": "~3.0@dev",
                "php": ">=5.3.0",
                "sqrt-pro/url": "dev-master",
                "symfony/http-kernel": "2.*"
            },
            "type": "library",
            "autoload": {
                "psr-0": {
                    "SQRT": "src"
                }
            },
            "notification-url": "https://packagist.org/downloads/",
            "license": [
                "MIT"
            ],
            "description": "Kernel is part of SQRT Framework",
            "homepage": "http://fw.sqrt.pro",
            "time": "2014-12-17 14:53:38"
        },
        {
            "name": "sqrt-pro/query-builder",
            "version": "dev-master",
            "source": {
                "type": "git",
                "url": "https://github.com/sqrt-pro/QueryBuilder.git",
                "reference": "cf433d32cc6c04821827f49dfd4eb3be790d9509"
            },
            "dist": {
                "type": "zip",
                "url": "https://api.github.com/repos/sqrt-pro/QueryBuilder/zipball/cf433d32cc6c04821827f49dfd4eb3be790d9509",
                "reference": "cf433d32cc6c04821827f49dfd4eb3be790d9509",
                "shasum": ""
            },
            "require": {
                "php": ">=5.3.0"
            },
            "type": "library",
            "autoload": {
                "psr-0": {
                    "SQRT": "src"
                }
            },
            "notification-url": "https://packagist.org/downloads/",
            "license": [
                "MIT"
            ],
            "description": "SQL Query Builder is a part of SQRT Framework",
            "homepage": "http://fw.sqrt.pro",
            "time": "2014-12-18 15:38:35"
        },
        {
            "name": "sqrt-pro/tag",
            "version": "dev-master",
            "source": {
                "type": "git",
                "url": "https://github.com/sqrt-pro/Tag.git",
                "reference": "b21168bdb83bf8f4b9303a1f4c0c068bff6f2910"
            },
            "dist": {
                "type": "zip",
                "url": "https://api.github.com/repos/sqrt-pro/Tag/zipball/b21168bdb83bf8f4b9303a1f4c0c068bff6f2910",
                "reference": "b21168bdb83bf8f4b9303a1f4c0c068bff6f2910",
                "shasum": ""
            },
            "require": {
                "php": ">=5.3.0"
            },
            "type": "library",
            "autoload": {
                "psr-0": {
                    "SQRT": "src"
                }
            },
            "notification-url": "https://packagist.org/downloads/",
            "license": [
                "MIT"
            ],
            "description": "SQRT.pro Tag is part of SQRT Framework",
            "homepage": "http://fw.sqrt.pro",
            "time": "2014-12-07 15:23:05"
        },
        {
            "name": "sqrt-pro/url",
            "version": "dev-master",
            "source": {
                "type": "git",
                "url": "https://github.com/sqrt-pro/URL.git",
                "reference": "de1de159379e149fa7e7177724343d971b90f213"
            },
            "dist": {
                "type": "zip",
                "url": "https://api.github.com/repos/sqrt-pro/URL/zipball/de1de159379e149fa7e7177724343d971b90f213",
                "reference": "de1de159379e149fa7e7177724343d971b90f213",
                "shasum": ""
            },
            "require": {
                "php": ">=5.3.0",
                "sqrt-pro/helpers": "dev-master",
                "sqrt-pro/tag": "dev-master",
                "true/punycode": "~1.0"
            },
            "type": "library",
            "autoload": {
                "psr-0": {
                    "SQRT": "src"
                }
            },
            "notification-url": "https://packagist.org/downloads/",
            "license": [
                "MIT"
            ],
            "description": "SQRT.pro URL is part of SQRT Framework",
            "homepage": "http://fw.sqrt.pro",
            "time": "2014-12-02 03:43:48"
        },
        {
            "name": "symfony/class-loader",
            "version": "2.6.x-dev",
            "target-dir": "Symfony/Component/ClassLoader",
            "source": {
                "type": "git",
                "url": "https://github.com/symfony/ClassLoader.git",
                "reference": "53634806fb9815d4dfcbaf46052e15dc0ffcc5df"
            },
            "dist": {
                "type": "zip",
                "url": "https://api.github.com/repos/symfony/ClassLoader/zipball/53634806fb9815d4dfcbaf46052e15dc0ffcc5df",
                "reference": "53634806fb9815d4dfcbaf46052e15dc0ffcc5df",
                "shasum": ""
            },
            "require": {
                "php": ">=5.3.3"
            },
            "require-dev": {
                "symfony/finder": "~2.0,>=2.0.5"
            },
            "type": "library",
            "extra": {
                "branch-alias": {
                    "dev-master": "2.6-dev"
                }
            },
            "autoload": {
                "psr-0": {
                    "Symfony\\Component\\ClassLoader\\": ""
                }
            },
            "notification-url": "https://packagist.org/downloads/",
            "license": [
                "MIT"
            ],
            "authors": [
                {
                    "name": "Symfony Community",
                    "homepage": "http://symfony.com/contributors"
                },
                {
                    "name": "Fabien Potencier",
                    "email": "fabien@symfony.com"
                }
            ],
            "description": "Symfony ClassLoader Component",
            "homepage": "http://symfony.com",
            "time": "2014-12-20 16:02:27"
        },
        {
            "name": "symfony/config",
            "version": "2.7.x-dev",
            "target-dir": "Symfony/Component/Config",
            "source": {
                "type": "git",
                "url": "https://github.com/symfony/Config.git",
                "reference": "dea5d73603b0533f487b457003a5aa9b09606c22"
            },
            "dist": {
                "type": "zip",
                "url": "https://api.github.com/repos/symfony/Config/zipball/dea5d73603b0533f487b457003a5aa9b09606c22",
                "reference": "dea5d73603b0533f487b457003a5aa9b09606c22",
                "shasum": ""
            },
            "require": {
                "php": ">=5.3.3",
                "symfony/filesystem": "~2.3"
            },
            "type": "library",
            "extra": {
                "branch-alias": {
                    "dev-master": "2.7-dev"
                }
            },
            "autoload": {
                "psr-0": {
                    "Symfony\\Component\\Config\\": ""
                }
            },
            "notification-url": "https://packagist.org/downloads/",
            "license": [
                "MIT"
            ],
            "authors": [
                {
                    "name": "Symfony Community",
                    "homepage": "http://symfony.com/contributors"
                },
                {
                    "name": "Fabien Potencier",
                    "email": "fabien@symfony.com"
                }
            ],
            "description": "Symfony Config Component",
            "homepage": "http://symfony.com",
            "time": "2014-12-20 16:07:09"
        },
        {
            "name": "symfony/console",
            "version": "2.6.x-dev",
            "target-dir": "Symfony/Component/Console",
            "source": {
                "type": "git",
                "url": "https://github.com/symfony/Console.git",
                "reference": "4240553bedec413ac2453fdb4cd4c3095809e821"
            },
            "dist": {
                "type": "zip",
                "url": "https://api.github.com/repos/symfony/Console/zipball/4240553bedec413ac2453fdb4cd4c3095809e821",
                "reference": "4240553bedec413ac2453fdb4cd4c3095809e821",
                "shasum": ""
            },
            "require": {
                "php": ">=5.3.3"
            },
            "require-dev": {
                "psr/log": "~1.0",
                "symfony/event-dispatcher": "~2.1",
                "symfony/process": "~2.1"
            },
            "suggest": {
                "psr/log": "For using the console logger",
                "symfony/event-dispatcher": "",
                "symfony/process": ""
            },
            "type": "library",
            "extra": {
                "branch-alias": {
                    "dev-master": "2.6-dev"
                }
            },
            "autoload": {
                "psr-0": {
                    "Symfony\\Component\\Console\\": ""
                }
            },
            "notification-url": "https://packagist.org/downloads/",
            "license": [
                "MIT"
            ],
            "authors": [
                {
                    "name": "Symfony Community",
                    "homepage": "http://symfony.com/contributors"
                },
                {
                    "name": "Fabien Potencier",
                    "email": "fabien@symfony.com"
                }
            ],
            "description": "Symfony Console Component",
            "homepage": "http://symfony.com",
            "time": "2014-12-20 16:02:27"
        },
        {
            "name": "symfony/debug",
            "version": "2.7.x-dev",
            "target-dir": "Symfony/Component/Debug",
            "source": {
                "type": "git",
                "url": "https://github.com/symfony/Debug.git",
                "reference": "39f7b9d9e938906b28b285b6a90bf30722ab5d60"
            },
            "dist": {
                "type": "zip",
                "url": "https://api.github.com/repos/symfony/Debug/zipball/39f7b9d9e938906b28b285b6a90bf30722ab5d60",
                "reference": "39f7b9d9e938906b28b285b6a90bf30722ab5d60",
                "shasum": ""
            },
            "require": {
                "php": ">=5.3.3",
                "psr/log": "~1.0"
            },
            "require-dev": {
                "symfony/http-foundation": "~2.1",
                "symfony/http-kernel": "~2.2"
            },
            "suggest": {
                "symfony/http-foundation": "",
                "symfony/http-kernel": ""
            },
            "type": "library",
            "extra": {
                "branch-alias": {
                    "dev-master": "2.7-dev"
                }
            },
            "autoload": {
                "psr-0": {
                    "Symfony\\Component\\Debug\\": ""
                }
            },
            "notification-url": "https://packagist.org/downloads/",
            "license": [
                "MIT"
            ],
            "authors": [
                {
                    "name": "Symfony Community",
                    "homepage": "http://symfony.com/contributors"
                },
                {
                    "name": "Fabien Potencier",
                    "email": "fabien@symfony.com"
                }
            ],
            "description": "Symfony Debug Component",
            "homepage": "http://symfony.com",
            "time": "2014-12-20 16:07:09"
        },
        {
            "name": "symfony/event-dispatcher",
            "version": "2.7.x-dev",
            "target-dir": "Symfony/Component/EventDispatcher",
            "source": {
                "type": "git",
                "url": "https://github.com/symfony/EventDispatcher.git",
                "reference": "24f2c9ea9353cbb25dc40786272f0b4f42ba3d3c"
            },
            "dist": {
                "type": "zip",
                "url": "https://api.github.com/repos/symfony/EventDispatcher/zipball/24f2c9ea9353cbb25dc40786272f0b4f42ba3d3c",
                "reference": "24f2c9ea9353cbb25dc40786272f0b4f42ba3d3c",
                "shasum": ""
            },
            "require": {
                "php": ">=5.3.3"
            },
            "require-dev": {
                "psr/log": "~1.0",
                "symfony/config": "~2.0,>=2.0.5",
                "symfony/dependency-injection": "~2.6",
                "symfony/expression-language": "~2.6",
                "symfony/stopwatch": "~2.3"
            },
            "suggest": {
                "symfony/dependency-injection": "",
                "symfony/http-kernel": ""
            },
            "type": "library",
            "extra": {
                "branch-alias": {
                    "dev-master": "2.7-dev"
                }
            },
            "autoload": {
                "psr-0": {
                    "Symfony\\Component\\EventDispatcher\\": ""
                }
            },
            "notification-url": "https://packagist.org/downloads/",
            "license": [
                "MIT"
            ],
            "authors": [
                {
                    "name": "Symfony Community",
                    "homepage": "http://symfony.com/contributors"
                },
                {
                    "name": "Fabien Potencier",
                    "email": "fabien@symfony.com"
                }
            ],
            "description": "Symfony EventDispatcher Component",
            "homepage": "http://symfony.com",
            "time": "2014-12-16 20:28:45"
        },
        {
            "name": "symfony/filesystem",
            "version": "2.7.x-dev",
            "target-dir": "Symfony/Component/Filesystem",
            "source": {
                "type": "git",
                "url": "https://github.com/symfony/Filesystem.git",
                "reference": "1ff6caf45e7c5aac036b1536a914afbf4b8c6066"
            },
            "dist": {
                "type": "zip",
                "url": "https://api.github.com/repos/symfony/Filesystem/zipball/1ff6caf45e7c5aac036b1536a914afbf4b8c6066",
                "reference": "1ff6caf45e7c5aac036b1536a914afbf4b8c6066",
                "shasum": ""
            },
            "require": {
                "php": ">=5.3.3"
            },
            "type": "library",
            "extra": {
                "branch-alias": {
                    "dev-master": "2.7-dev"
                }
            },
            "autoload": {
                "psr-0": {
                    "Symfony\\Component\\Filesystem\\": ""
                }
            },
            "notification-url": "https://packagist.org/downloads/",
            "license": [
                "MIT"
            ],
            "authors": [
                {
                    "name": "Symfony Community",
                    "homepage": "http://symfony.com/contributors"
                },
                {
                    "name": "Fabien Potencier",
                    "email": "fabien@symfony.com"
                }
            ],
            "description": "Symfony Filesystem Component",
            "homepage": "http://symfony.com",
            "time": "2014-12-12 16:23:01"
        },
        {
            "name": "symfony/http-foundation",
            "version": "2.7.x-dev",
            "target-dir": "Symfony/Component/HttpFoundation",
            "source": {
                "type": "git",
                "url": "https://github.com/symfony/HttpFoundation.git",
                "reference": "56cc534d8d92afe9e9e585b89a0f9a3ebd28f924"
            },
            "dist": {
                "type": "zip",
                "url": "https://api.github.com/repos/symfony/HttpFoundation/zipball/56cc534d8d92afe9e9e585b89a0f9a3ebd28f924",
                "reference": "56cc534d8d92afe9e9e585b89a0f9a3ebd28f924",
                "shasum": ""
            },
            "require": {
                "php": ">=5.3.3"
            },
            "require-dev": {
                "symfony/expression-language": "~2.4"
            },
            "type": "library",
            "extra": {
                "branch-alias": {
                    "dev-master": "2.7-dev"
                }
            },
            "autoload": {
                "psr-0": {
                    "Symfony\\Component\\HttpFoundation\\": ""
                },
                "classmap": [
                    "Symfony/Component/HttpFoundation/Resources/stubs"
                ]
            },
            "notification-url": "https://packagist.org/downloads/",
            "license": [
                "MIT"
            ],
            "authors": [
                {
                    "name": "Symfony Community",
                    "homepage": "http://symfony.com/contributors"
                },
                {
                    "name": "Fabien Potencier",
                    "email": "fabien@symfony.com"
                }
            ],
            "description": "Symfony HttpFoundation Component",
            "homepage": "http://symfony.com",
            "time": "2014-12-20 16:07:09"
        },
        {
            "name": "symfony/http-kernel",
            "version": "2.7.x-dev",
            "target-dir": "Symfony/Component/HttpKernel",
            "source": {
                "type": "git",
                "url": "https://github.com/symfony/HttpKernel.git",
                "reference": "35ebc604b909067ac02c4782d015389ce8dc4aef"
            },
            "dist": {
                "type": "zip",
                "url": "https://api.github.com/repos/symfony/HttpKernel/zipball/35ebc604b909067ac02c4782d015389ce8dc4aef",
                "reference": "35ebc604b909067ac02c4782d015389ce8dc4aef",
                "shasum": ""
            },
            "require": {
                "php": ">=5.3.3",
                "psr/log": "~1.0",
                "symfony/debug": "~2.6",
                "symfony/event-dispatcher": "2.5.*,>2.5.8|~2.6,>2.6.1",
                "symfony/http-foundation": "~2.5,>=2.5.4"
            },
            "require-dev": {
                "symfony/browser-kit": "~2.3",
                "symfony/class-loader": "~2.1",
                "symfony/config": "~2.0,>=2.0.5",
                "symfony/console": "~2.3",
                "symfony/css-selector": "~2.0,>=2.0.5",
                "symfony/dependency-injection": "~2.2",
                "symfony/dom-crawler": "~2.0,>=2.0.5",
                "symfony/expression-language": "~2.4",
                "symfony/finder": "~2.0,>=2.0.5",
                "symfony/process": "~2.0,>=2.0.5",
                "symfony/routing": "~2.2",
                "symfony/stopwatch": "~2.3",
                "symfony/templating": "~2.2",
                "symfony/translation": "~2.0,>=2.0.5",
                "symfony/var-dumper": "~2.6"
            },
            "suggest": {
                "symfony/browser-kit": "",
                "symfony/class-loader": "",
                "symfony/config": "",
                "symfony/console": "",
                "symfony/dependency-injection": "",
                "symfony/finder": "",
                "symfony/var-dumper": ""
            },
            "type": "library",
            "extra": {
                "branch-alias": {
                    "dev-master": "2.7-dev"
                }
            },
            "autoload": {
                "psr-0": {
                    "Symfony\\Component\\HttpKernel\\": ""
                }
            },
            "notification-url": "https://packagist.org/downloads/",
            "license": [
                "MIT"
            ],
            "authors": [
                {
                    "name": "Symfony Community",
                    "homepage": "http://symfony.com/contributors"
                },
                {
                    "name": "Fabien Potencier",
                    "email": "fabien@symfony.com"
                }
            ],
            "description": "Symfony HttpKernel Component",
            "homepage": "http://symfony.com",
            "time": "2014-12-20 16:07:09"
        },
        {
            "name": "symfony/yaml",
            "version": "2.7.x-dev",
            "target-dir": "Symfony/Component/Yaml",
            "source": {
                "type": "git",
                "url": "https://github.com/symfony/Yaml.git",
                "reference": "b9c19ce1bd9a51d3f42665973088f2e2b82db240"
            },
            "dist": {
                "type": "zip",
                "url": "https://api.github.com/repos/symfony/Yaml/zipball/b9c19ce1bd9a51d3f42665973088f2e2b82db240",
                "reference": "b9c19ce1bd9a51d3f42665973088f2e2b82db240",
                "shasum": ""
            },
            "require": {
                "php": ">=5.3.3"
            },
            "type": "library",
            "extra": {
                "branch-alias": {
                    "dev-master": "2.7-dev"
                }
            },
            "autoload": {
                "psr-0": {
                    "Symfony\\Component\\Yaml\\": ""
                }
            },
            "notification-url": "https://packagist.org/downloads/",
            "license": [
                "MIT"
            ],
            "authors": [
                {
                    "name": "Symfony Community",
                    "homepage": "http://symfony.com/contributors"
                },
                {
                    "name": "Fabien Potencier",
                    "email": "fabien@symfony.com"
                }
            ],
            "description": "Symfony Yaml Component",
            "homepage": "http://symfony.com",
            "time": "2014-12-09 17:32:32"
        },
        {
            "name": "true/punycode",
            "version": "1.0.1",
            "source": {
                "type": "git",
                "url": "https://github.com/true/php-punycode.git",
                "reference": "59dca474914324763397be2ea3d6ad3bc48f4688"
            },
            "dist": {
                "type": "zip",
                "url": "https://api.github.com/repos/true/php-punycode/zipball/59dca474914324763397be2ea3d6ad3bc48f4688",
                "reference": "59dca474914324763397be2ea3d6ad3bc48f4688",
                "shasum": ""
            },
            "require": {
                "ext-mbstring": "*",
                "php": ">=5.3.0"
            },
            "require-dev": {
                "phpunit/phpunit": "4.x",
                "satooshi/php-coveralls": "dev-master",
                "squizlabs/php_codesniffer": "2.0.x-dev"
            },
            "type": "library",
            "autoload": {
                "psr-4": {
                    "True\\": "src/"
                }
            },
            "notification-url": "https://packagist.org/downloads/",
            "license": [
                "MIT"
            ],
            "authors": [
                {
                    "name": "Renan Gonçalves",
                    "email": "renan.saddam@gmail.com"
                }
            ],
            "description": "A Bootstring encoding of Unicode for Internationalized Domain Names in Applications (IDNA)",
            "homepage": "https://github.com/true/php-punycode",
            "keywords": [
                "idna",
                "punycode"
            ],
            "time": "2014-08-26 14:21:01"
        }
    ],
    "packages-dev": [],
    "aliases": [],
    "minimum-stability": "dev",
    "stability-flags": {
        "sqrt-pro/kernel": 20,
        "sqrt-pro/db": 20,
        "sqrt-pro/form": 20
    },
    "prefer-stable": false,
    "platform": {
        "php": ">=5.3.0"
    },
    "platform-dev": []
}
